
Microsoft Visual Studio Solution File, Format Version 12.00
# Visual Studio 15
VisualStudioVersion = 15.0.28010.2016
MinimumVisualStudioVersion = 10.0.40219.1
Project("{E24C65DC-7377-472B-9ABA-BC803B73C61A}") = "Agriculture", "Agriculture\", "{16DBEF36-1F1E-41C9-A4BD-78ED3D3FD9BD}"
	ProjectSection(WebsiteProperties) = preProject
		TargetFrameworkMoniker = ".NETFramework,Version%3Dv4.5"
		Debug.AspNetCompiler.VirtualPath = "/localhost_57741"
		Debug.AspNetCompiler.PhysicalPath = "Agriculture\"
		Debug.AspNetCompiler.TargetPath = "PrecompiledWeb\localhost_57741\"
		Debug.AspNetCompiler.Updateable = "true"
		Debug.AspNetCompiler.ForceOverwrite = "true"
		Debug.AspNetCompiler.FixedNames = "false"
		Debug.AspNetCompiler.Debug = "True"
		Release.AspNetCompiler.VirtualPath = "/localhost_57741"
		Release.AspNetCompiler.PhysicalPath = "Agriculture\"
		Release.AspNetCompiler.TargetPath = "PrecompiledWeb\localhost_57741\"
		Release.AspNetCompiler.Updateable = "true"
		Release.AspNetCompiler.ForceOverwrite = "true"
		Release.AspNetCompiler.FixedNames = "false"
		Release.AspNetCompiler.Debug = "False"
		VWDPort = "57741"
		SlnRelativePath = "Agriculture\"
		DefaultWebSiteLanguage = "Visual C#"
	EndProjectSection
EndProject
Global
	GlobalSection(SolutionConfigurationPlatforms) = preSolution
		Debug|Any CPU = Debug|Any CPU
	EndGlobalSection
	GlobalSection(ProjectConfigurationPlatforms) = postSolution
		{16DBEF36-1F1E-41C9-A4BD-78ED3D3FD9BD}.Debug|Any CPU.ActiveCfg = Debug|Any CPU
		{16DBEF36-1F1E-41C9-A4BD-78ED3D3FD9BD}.Debug|Any CPU.Build.0 = Debug|Any CPU
	EndGlobalSection
	GlobalSection(SolutionProperties) = preSolution
		HideSolutionNode = FALSE
	EndGlobalSection
	GlobalSection(ExtensibilityGlobals) = postSolution
		SolutionGuid = {29F35567-A63E-4BDA-828E-C3073B75B773}
	EndGlobalSection
EndGlobal
